
Microsoft Visual Studio Solution File, Format Version 12.00
# Visual Studio Version 17
VisualStudioVersion = 17.7.34024.191
MinimumVisualStudioVersion = 10.0.40219.1
Project("{FAE04EC0-301F-11D3-BF4B-00C04F79EFBC}") = "notepad", "notepad.csproj", "{9C65CB08-68F1-42A5-BF70-26FA8CB85A53}"
EndProject
Global
	GlobalSection(SolutionConfigurationPlatforms) = preSolution
		Debug|Any CPU = Debug|Any CPU
		Release|Any CPU = Release|Any CPU
	EndGlobalSection
	GlobalSection(ProjectConfigurationPlatforms) = postSolution
		{9C65CB08-68F1-42A5-BF70-26FA8CB85A53}.Debug|Any CPU.ActiveCfg = Debug|Any CPU
		{9C65CB08-68F1-42A5-BF70-26FA8CB85A53}.Debug|Any CPU.Build.0 = Debug|Any CPU
		{9C65CB08-68F1-42A5-BF70-26FA8CB85A53}.Release|Any CPU.ActiveCfg = Release|Any CPU
		{9C65CB08-68F1-42A5-BF70-26FA8CB85A53}.Release|Any CPU.Build.0 = Release|Any CPU
	EndGlobalSection
	GlobalSection(SolutionProperties) = preSolution
		HideSolutionNode = FALSE
	EndGlobalSection
	GlobalSection(ExtensibilityGlobals) = postSolution
		SolutionGuid = {BC5237E9-B513-4782-8952-50EA39D34E76}
	EndGlobalSection
EndGlobal
